
Microsoft Visual Studio Solution File, Format Version 12.00
# Visual Studio Version 17
VisualStudioVersion = 17.5.33516.290
MinimumVisualStudioVersion = 10.0.40219.1
Project("{FAE04EC0-301F-11D3-BF4B-00C04F79EFBC}") = "dz10", "dz10\dz10.csproj", "{9A547DE8-ADA9-44BB-AA48-25784C996613}"
EndProject
Global
	GlobalSection(SolutionConfigurationPlatforms) = preSolution
		Debug|Any CPU = Debug|Any CPU
		Release|Any CPU = Release|Any CPU
	EndGlobalSection
	GlobalSection(ProjectConfigurationPlatforms) = postSolution
		{9A547DE8-ADA9-44BB-AA48-25784C996613}.Debug|Any CPU.ActiveCfg = Debug|Any CPU
		{9A547DE8-ADA9-44BB-AA48-25784C996613}.Debug|Any CPU.Build.0 = Debug|Any CPU
		{9A547DE8-ADA9-44BB-AA48-25784C996613}.Release|Any CPU.ActiveCfg = Release|Any CPU
		{9A547DE8-ADA9-44BB-AA48-25784C996613}.Release|Any CPU.Build.0 = Release|Any CPU
	EndGlobalSection
	GlobalSection(SolutionProperties) = preSolution
		HideSolutionNode = FALSE
	EndGlobalSection
	GlobalSection(ExtensibilityGlobals) = postSolution
		SolutionGuid = {4E40A495-2B95-4491-A1B0-A977196307DE}
	EndGlobalSection
EndGlobal
